// !$*UTF8*$!
{
	archiveVersion = 1;
	classes = {
	};
	objectVersion = 50;
	objects = {

/* Begin PBXBuildFile section */
		CFE7533A248EEA0C00C6D8B3 /* AppDelegate.swift in Sources */ = {isa = PBXBuildFile; fileRef = CFE75339248EEA0C00C6D8B3 /* AppDelegate.swift */; };
		CFE7533C248EEA0C00C6D8B3 /* SceneDelegate.swift in Sources */ = {isa = PBXBuildFile; fileRef = CFE7533B248EEA0C00C6D8B3 /* SceneDelegate.swift */; };
		CFE7533E248EEA0C00C6D8B3 /* ViewController.swift in Sources */ = {isa = PBXBuildFile; fileRef = CFE7533D248EEA0C00C6D8B3 /* ViewController.swift */; };
		CFE75341248EEA0C00C6D8B3 /* Main.storyboard in Resources */ = {isa = PBXBuildFile; fileRef = CFE7533F248EEA0C00C6D8B3 /* Main.storyboard */; };
		CFE75343248EEA1100C6D8B3 /* Assets.xcassets in Resources */ = {isa = PBXBuildFile; fileRef = CFE75342248EEA1100C6D8B3 /* Assets.xcassets */; };
		CFE75346248EEA1100C6D8B3 /* LaunchScreen.storyboard in Resources */ = {isa = PBXBuildFile; fileRef = CFE75344248EEA1100C6D8B3 /* LaunchScreen.storyboard */; };
/* End PBXBuildFile section */

/* Begin PBXFileReference section */
		CFE75336248EEA0C00C6D8B3 /* What Flower.app */ = {isa = PBXFileReference; explicitFileType = wrapper.application; includeInIndex = 0; path = "What Flower.app"; sourceTree = BUILT_PRODUCTS_DIR; };
		CFE75339248EEA0C00C6D8B3 /* AppDelegate.swift */ = {isa = PBXFileReference; lastKnownFileType = sourcecode.swift; path = AppDelegate.swift; sourceTree = "<group>"; };
		CFE7533B248EEA0C00C6D8B3 /* SceneDelegate.swift */ = {isa = PBXFileReference; lastKnownFileType = sourcecode.swift; path = SceneDelegate.swift; sourceTree = "<group>"; };
		CFE7533D248EEA0C00C6D8B3 /* ViewController.swift */ = {isa = PBXFileReference; lastKnownFileType = sourcecode.swift; path = ViewController.swift; sourceTree = "<group>"; };
		CFE75340248EEA0C00C6D8B3 /* Base */ = {isa = PBXFileReference; lastKnownFileType = file.storyboard; name = Base; path = Base.lproj/Main.storyboard; sourceTree = "<group>"; };
		CFE75342248EEA1100C6D8B3 /* Assets.xcassets */ = {isa = PBXFileReference; lastKnownFileType = folder.assetcatalog; path = Assets.xcassets; sourceTree = "<group>"; };
		CFE75345248EEA1100C6D8B3 /* Base */ = {isa = PBXFileReference; lastKnownFileType = file.storyboard; name = Base; path = Base.lproj/LaunchScreen.storyboard; sourceTree = "<group>"; };
		CFE75347248EEA1100C6D8B3 /* Info.plist */ = {isa = PBXFileReference; lastKnownFileType = text.plist.xml; path = Info.plist; sourceTree = "<group>"; };
/* End PBXFileReference section */

/* Begin PBXFrameworksBuildPhase section */
		CFE75333248EEA0C00C6D8B3 /* Frameworks */ = {
			isa = PBXFrameworksBuildPhase;
			buildActionMask = 2147483647;
			files = (
			);
			runOnlyForDeploymentPostprocessing = 0;
		};
/* End PBXFrameworksBuildPhase section */

/* Begin PBXGroup section */
		CFE7532D248EEA0C00C6D8B3 = {
			isa = PBXGroup;
			children = (
				CFE75338248EEA0C00C6D8B3 /* What Flower */,
				CFE75337248EEA0C00C6D8B3 /* Products */,
			);
			sourceTree = "<group>";
		};
		CFE75337248EEA0C00C6D8B3 /* Products */ = {
			isa = PBXGroup;
			children = (
				CFE75336248EEA0C00C6D8B3 /* What Flower.app */,
			);
			name = Products;
			sourceTree = "<group>";
		};
		CFE75338248EEA0C00C6D8B3 /* What Flower */ = {
			isa = PBXGroup;
			children = (
				CFE75339248EEA0C00C6D8B3 /* AppDelegate.swift */,
				CFE7533B248EEA0C00C6D8B3 /* SceneDelegate.swift */,
				CFE7533D248EEA0C00C6D8B3 /* ViewController.swift */,
				CFE7533F248EEA0C00C6D8B3 /* Main.storyboard */,
				CFE75342248EEA1100C6D8B3 /* Assets.xcassets */,
				CFE75344248EEA1100C6D8B3 /* LaunchScreen.storyboard */,
				CFE75347248EEA1100C6D8B3 /* Info.plist */,
			);
			path = "What Flower";
			sourceTree = "<group>";
		};
/* End PBXGroup section */

/* Begin PBXNativeTarget section */
		CFE75335248EEA0C00C6D8B3 /* What Flower */ = {
			isa = PBXNativeTarget;
			buildConfigurationList = CFE7534A248EEA1100C6D8B3 /* Build configuration list for PBXNativeTarget "What Flower" */;
			buildPhases = (
				CFE75332248EEA0C00C6D8B3 /* Sources */,
				CFE75333248EEA0C00C6D8B3 /* Frameworks */,
				CFE75334248EEA0C00C6D8B3 /* Resources */,
			);
			buildRules = (
			);
			dependencies = (
			);
			name = "What Flower";
			productName = "What Flower";
			productReference = CFE75336248EEA0C00C6D8B3 /* What Flower.app */;
			productType = "com.apple.product-type.application";
		};
/* End PBXNativeTarget section */

/* Begin PBXProject section */
		CFE7532E248EEA0C00C6D8B3 /* Project object */ = {
			isa = PBXProject;
			attributes = {
				LastSwiftUpdateCheck = 1140;
				LastUpgradeCheck = 1140;
				ORGANIZATIONNAME = "Max Thomas";
				TargetAttributes = {
					CFE75335248EEA0C00C6D8B3 = {
						CreatedOnToolsVersion = 11.4.1;
					};
				};
			};
			buildConfigurationList = CFE75331248EEA0C00C6D8B3 /* Build configuration list for PBXProject "What Flower" */;
			compatibilityVersion = "Xcode 9.3";
			developmentRegion = en;
			hasScannedForEncodings = 0;
			knownRegions = (
				en,
				Base,
			);
			mainGroup = CFE7532D248EEA0C00C6D8B3;
			productRefGroup = CFE75337248EEA0C00C6D8B3 /* Products */;
			projectDirPath = "";
			projectRoot = "";
			targets = (
				CFE75335248EEA0C00C6D8B3 /* What Flower */,
			);
		};
/* End PBXProject section */

/* Begin PBXResourcesBuildPhase section */
		CFE75334248EEA0C00C6D8B3 /* Resources */ = {
			isa = PBXResourcesBuildPhase;
			buildActionMask = 2147483647;
			files = (
				CFE75346248EEA1100C6D8B3 /* LaunchScreen.storyboard in Resources */,
				CFE75343248EEA1100C6D8B3 /* Assets.xcassets in Resources */,
				CFE75341248EEA0C00C6D8B3 /* Main.storyboard in Resources */,
			);
			runOnlyForDeploymentPostprocessing = 0;
		};
/* End PBXResourcesBuildPhase section */

/* Begin PBXSourcesBuildPhase section */
		CFE75332248EEA0C00C6D8B3 /* Sources */ = {
			isa = PBXSourcesBuildPhase;
			buildActionMask = 2147483647;
			files = (
				CFE7533E248EEA0C00C6D8B3 /* ViewController.swift in Sources */,
				CFE7533A248EEA0C00C6D8B3 /* AppDelegate.swift in Sources */,
				CFE7533C248EEA0C00C6D8B3 /* SceneDelegate.swift in Sources */,
			);
			runOnlyForDeploymentPostprocessing = 0;
		};
/* End PBXSourcesBuildPhase section */

/* Begin PBXVariantGroup section */
		CFE7533F248EEA0C00C6D8B3 /* Main.storyboard */ = {
			isa = PBXVariantGroup;
			children = (
				CFE75340248EEA0C00C6D8B3 /* Base */,
			);
			name = Main.storyboard;
			sourceTree = "<group>";
		};
		CFE75344248EEA1100C6D8B3 /* LaunchScreen.storyboard */ = {
			isa = PBXVariantGroup;
			children = (
				CFE75345248EEA1100C6D8B3 /* Base */,
			);
			name = LaunchScreen.storyboard;
			sourceTree = "<group>";
		};
/* End PBXVariantGroup section */

/* Begin XCBuildConfiguration section */
		CFE75348248EEA1100C6D8B3 /* Debug */ = {
			isa = XCBuildConfiguration;
			buildSettings = {
				ALWAYS_SEARCH_USER_PATHS = NO;
				CLANG_ANALYZER_NONNULL = YES;
				CLANG_ANALYZER_NUMBER_OBJECT_CONVERSION = YES_AGGRESSIVE;
				CLANG_CXX_LANGUAGE_STANDARD = "gnu++14";
				CLANG_CXX_LIBRARY = "libc++";
				CLANG_ENABLE_MODULES = YES;
				CLANG_ENABLE_OBJC_ARC = YES;
				CLANG_ENABLE_OBJC_WEAK = YES;
				CLANG_WARN_BLOCK_CAPTURE_AUTORELEASING = YES;
				CLANG_WARN_BOOL_CONVERSION = YES;
				CLANG_WARN_COMMA = YES;
				CLANG_WARN_CONSTANT_CONVERSION = YES;
				CLANG_WARN_DEPRECATED_OBJC_IMPLEMENTATIONS = YES;
				CLANG_WARN_DIRECT_OBJC_ISA_USAGE = YES_ERROR;
				CLANG_WARN_DOCUMENTATION_COMMENTS = YES;
				CLANG_WARN_EMPTY_BODY = YES;
				CLANG_WARN_ENUM_CONVERSION = YES;
				CLANG_WARN_INFINITE_RECURSION = YES;
				CLANG_WARN_INT_CONVERSION = YES;
				CLANG_WARN_NON_LITERAL_NULL_CONVERSION = YES;
				CLANG_WARN_OBJC_IMPLICIT_RETAIN_SELF = YES;
				CLANG_WARN_OBJC_LITERAL_CONVERSION = YES;
				CLANG_WARN_OBJC_ROOT_CLASS = YES_ERROR;
				CLANG_WARN_RANGE_LOOP_ANALYSIS = YES;
				CLANG_WARN_STRICT_PROTOTYPES = YES;
				CLANG_WARN_SUSPICIOUS_MOVE = YES;
				CLANG_WARN_UNGUARDED_AVAILABILITY = YES_AGGRESSIVE;
				CLANG_WARN_UNREACHABLE_CODE = YES;
				CLANG_WARN__DUPLICATE_METHOD_MATCH = YES;
				COPY_PHASE_STRIP = NO;
				DEBUG_INFORMATION_FORMAT = dwarf;
				ENABLE_STRICT_OBJC_MSGSEND = YES;
				ENABLE_TESTABILITY = YES;
				GCC_C_LANGUAGE_STANDARD = gnu11;
				GCC_DYNAMIC_NO_PIC = NO;
				GCC_NO_COMMON_BLOCKS = YES;
				GCC_OPTIMIZATION_LEVEL = 0;
				GCC_PREPROCESSOR_DEFINITIONS = (
					"DEBUG=1",
					"$(inherited)",
				);
				GCC_WARN_64_TO_32_BIT_CONVERSION = YES;
				GCC_WARN_ABOUT_RETURN_TYPE = YES_ERROR;
				GCC_WARN_UNDECLARED_SELECTOR = YES;
				GCC_WARN_UNINITIALIZED_AUTOS = YES_AGGRESSIVE;
				GCC_WARN_UNUSED_FUNCTION = YES;
				GCC_WARN_UNUSED_VARIABLE = YES;
				IPHONEOS_DEPLOYMENT_TARGET = 13.4;
				MTL_ENABLE_DEBUG_INFO = INCLUDE_SOURCE;
				MTL_FAST_MATH = YES;
				ONLY_ACTIVE_ARCH = YES;
				SDKROOT = iphoneos;
				SWIFT_ACTIVE_COMPILATION_CONDITIONS = DEBUG;
				SWIFT_OPTIMIZATION_LEVEL = "-Onone";
			};
			name = Debug;
		};
		CFE75349248EEA1100C6D8B3 /* Release */ = {
			isa = XCBuildConfiguration;
			buildSettings = {
				ALWAYS_SEARCH_USER_PATHS = NO;
				CLANG_ANALYZER_NONNULL = YES;
				CLANG_ANALYZER_NUMBER_OBJECT_CONVERSION = YES_AGGRESSIVE;
				CLANG_CXX_LANGUAGE_STANDARD = "gnu++14";
				CLANG_CXX_LIBRARY = "libc++";
				CLANG_ENABLE_MODULES = YES;
				CLANG_ENABLE_OBJC_ARC = YES;
				CLANG_ENABLE_OBJC_WEAK = YES;
				CLANG_WARN_BLOCK_CAPTURE_AUTORELEASING = YES;
				CLANG_WARN_BOOL_CONVERSION = YES;
				CLANG_WARN_COMMA = YES;
				CLANG_WARN_CONSTANT_CONVERSION = YES;
				CLANG_WARN_DEPRECATED_OBJC_IMPLEMENTATIONS = YES;
				CLANG_WARN_DIRECT_OBJC_ISA_USAGE = YES_ERROR;
				CLANG_WARN_DOCUMENTATION_COMMENTS = YES;
				CLANG_WARN_EMPTY_BODY = YES;
				CLANG_WARN_ENUM_CONVERSION = YES;
				CLANG_WARN_INFINITE_RECURSION = YES;
				CLANG_WARN_INT_CONVERSION = YES;
				CLANG_WARN_NON_LITERAL_NULL_CONVERSION = YES;
				CLANG_WARN_OBJC_IMPLICIT_RETAIN_SELF = YES;
				CLANG_WARN_OBJC_LITERAL_CONVERSION = YES;
				CLANG_WARN_OBJC_ROOT_CLASS = YES_ERROR;
				CLANG_WARN_RANGE_LOOP_ANALYSIS = YES;
				CLANG_WARN_STRICT_PROTOTYPES = YES;
				CLANG_WARN_SUSPICIOUS_MOVE = YES;
				CLANG_WARN_UNGUARDED_AVAILABILITY = YES_AGGRESSIVE;
				CLANG_WARN_UNREACHABLE_CODE = YES;
				CLANG_WARN__DUPLICATE_METHOD_MATCH = YES;
				COPY_PHASE_STRIP = NO;
				DEBUG_INFORMATION_FORMAT = "dwarf-with-dsym";
				ENABLE_NS_ASSERTIONS = NO;
				ENABLE_STRICT_OBJC_MSGSEND = YES;
				GCC_C_LANGUAGE_STANDARD = gnu11;
				GCC_NO_COMMON_BLOCKS = YES;
				GCC_WARN_64_TO_32_BIT_CONVERSION = YES;
				GCC_WARN_ABOUT_RETURN_TYPE = YES_ERROR;
				GCC_WARN_UNDECLARED_SELECTOR = YES;
				GCC_WARN_UNINITIALIZED_AUTOS = YES_AGGRESSIVE;
				GCC_WARN_UNUSED_FUNCTION = YES;
				GCC_WARN_UNUSED_VARIABLE = YES;
				IPHONEOS_DEPLOYMENT_TARGET = 13.4;
				MTL_ENABLE_DEBUG_INFO = NO;
				MTL_FAST_MATH = YES;
				SDKROOT = iphoneos;
				SWIFT_COMPILATION_MODE = wholemodule;
				SWIFT_OPTIMIZATION_LEVEL = "-O";
				VALIDATE_PRODUCT = YES;
			};
			name = Release;
		};
		CFE7534B248EEA1100C6D8B3 /* Debug */ = {
			isa = XCBuildConfiguration;
			buildSettings = {
				ASSETCATALOG_COMPILER_APPICON_NAME = AppIcon;
				CODE_SIGN_STYLE = Automatic;
				DEVELOPMENT_TEAM = 6VC7V8Z2BQ;
				INFOPLIST_FILE = "What Flower/Info.plist";
				LD_RUNPATH_SEARCH_PATHS = (
					"$(inherited)",
					"@executable_path/Frameworks",
				);
				PRODUCT_BUNDLE_IDENTIFIER = "com.maxthomas.What-Flower";
				PRODUCT_NAME = "$(TARGET_NAME)";
				SWIFT_VERSION = 5.0;
				TARGETED_DEVICE_FAMILY = "1,2";
			};
			name = Debug;
		};
		CFE7534C248EEA1100C6D8B3 /* Release */ = {
			isa = XCBuildConfiguration;
			buildSettings = {
				ASSETCATALOG_COMPILER_APPICON_NAME = AppIcon;
				CODE_SIGN_STYLE = Automatic;
				DEVELOPMENT_TEAM = 6VC7V8Z2BQ;
				INFOPLIST_FILE = "What Flower/Info.plist";
				LD_RUNPATH_SEARCH_PATHS = (
					"$(inherited)",
					"@executable_path/Frameworks",
				);
				PRODUCT_BUNDLE_IDENTIFIER = "com.maxthomas.What-Flower";
				PRODUCT_NAME = "$(TARGET_NAME)";
				SWIFT_VERSION = 5.0;
				TARGETED_DEVICE_FAMILY = "1,2";
			};
			name = Release;
		};
/* End XCBuildConfiguration section */

/* Begin XCConfigurationList section */
		CFE75331248EEA0C00C6D8B3 /* Build configuration list for PBXProject "What Flower" */ = {
			isa = XCConfigurationList;
			buildConfigurations = (
				CFE75348248EEA1100C6D8B3 /* Debug */,
				CFE75349248EEA1100C6D8B3 /* Release */,
			);
			defaultConfigurationIsVisible = 0;
			defaultConfigurationName = Release;
		};
		CFE7534A248EEA1100C6D8B3 /* Build configuration list for PBXNativeTarget "What Flower" */ = {
			isa = XCConfigurationList;
			buildConfigurations = (
				CFE7534B248EEA1100C6D8B3 /* Debug */,
				CFE7534C248EEA1100C6D8B3 /* Release */,
			);
			defaultConfigurationIsVisible = 0;
			defaultConfigurationName = Release;
		};
/* End XCConfigurationList section */
	};
	rootObject = CFE7532E248EEA0C00C6D8B3 /* Project object */;
}
